
Microsoft Visual Studio Solution File, Format Version 12.00
# Visual Studio 15
VisualStudioVersion = 15.0.27004.2006
MinimumVisualStudioVersion = 10.0.40219.1
Project("{FAE04EC0-301F-11D3-BF4B-00C04F79EFBC}") = "ImageHash", "ImageHash\ImageHash.csproj", "{D382BF24-8610-44C5-85A1-7814007E6C1F}"
EndProject
Global
	GlobalSection(SolutionConfigurationPlatforms) = preSolution
		Debug|Any CPU = Debug|Any CPU
		Release|Any CPU = Release|Any CPU
	EndGlobalSection
	GlobalSection(ProjectConfigurationPlatforms) = postSolution
		{D382BF24-8610-44C5-85A1-7814007E6C1F}.Debug|Any CPU.ActiveCfg = Debug|Any CPU
		{D382BF24-8610-44C5-85A1-7814007E6C1F}.Debug|Any CPU.Build.0 = Debug|Any CPU
		{D382BF24-8610-44C5-85A1-7814007E6C1F}.Release|Any CPU.ActiveCfg = Release|Any CPU
		{D382BF24-8610-44C5-85A1-7814007E6C1F}.Release|Any CPU.Build.0 = Release|Any CPU
	EndGlobalSection
	GlobalSection(SolutionProperties) = preSolution
		HideSolutionNode = FALSE
	EndGlobalSection
	GlobalSection(ExtensibilityGlobals) = postSolution
		SolutionGuid = {7A9065C6-AA04-4635-8016-AC3F25340F7C}
	EndGlobalSection
EndGlobal
